// !$*UTF8*$!
{
	archiveVersion = 1;
	classes = {
	};
	objectVersion = 55;
	objects = {

/* Begin PBXBuildFile section */
		6DDDE88C284CE12300EA078B /* WeatherAppApp.swift in Sources */ = {isa = PBXBuildFile; fileRef = 6DDDE88B284CE12300EA078B /* WeatherAppApp.swift */; };
		6DDDE88E284CE12300EA078B /* ContentView.swift in Sources */ = {isa = PBXBuildFile; fileRef = 6DDDE88D284CE12300EA078B /* ContentView.swift */; };
		6DDDE890284CE12500EA078B /* Assets.xcassets in Resources */ = {isa = PBXBuildFile; fileRef = 6DDDE88F284CE12500EA078B /* Assets.xcassets */; };
		6DDDE893284CE12500EA078B /* Preview Assets.xcassets in Resources */ = {isa = PBXBuildFile; fileRef = 6DDDE892284CE12500EA078B /* Preview Assets.xcassets */; };
		6DDDE89D284CE12500EA078B /* WeatherAppTests.swift in Sources */ = {isa = PBXBuildFile; fileRef = 6DDDE89C284CE12500EA078B /* WeatherAppTests.swift */; };
		6DDDE8A7284CE12500EA078B /* WeatherAppUITests.swift in Sources */ = {isa = PBXBuildFile; fileRef = 6DDDE8A6284CE12500EA078B /* WeatherAppUITests.swift */; };
		6DDDE8A9284CE12500EA078B /* WeatherAppUITestsLaunchTests.swift in Sources */ = {isa = PBXBuildFile; fileRef = 6DDDE8A8284CE12500EA078B /* WeatherAppUITestsLaunchTests.swift */; };
		6DDDE8B7284CE18E00EA078B /* LocationManager.swift in Sources */ = {isa = PBXBuildFile; fileRef = 6DDDE8B6284CE18E00EA078B /* LocationManager.swift */; };
		6DDDE8BA284CE39700EA078B /* WelcomeView.swift in Sources */ = {isa = PBXBuildFile; fileRef = 6DDDE8B9284CE39700EA078B /* WelcomeView.swift */; };
		6DDDE8BC284CE7EA00EA078B /* LoadingView.swift in Sources */ = {isa = PBXBuildFile; fileRef = 6DDDE8BB284CE7EA00EA078B /* LoadingView.swift */; };
		6DDDE8BE284CEC8700EA078B /* WeatherManager.swift in Sources */ = {isa = PBXBuildFile; fileRef = 6DDDE8BD284CEC8700EA078B /* WeatherManager.swift */; };
		6DDDE8C0284CF27C00EA078B /* WeatherView.swift in Sources */ = {isa = PBXBuildFile; fileRef = 6DDDE8BF284CF27C00EA078B /* WeatherView.swift */; };
		6DDDE8C2284CF2C700EA078B /* ModalData.swift in Sources */ = {isa = PBXBuildFile; fileRef = 6DDDE8C1284CF2C700EA078B /* ModalData.swift */; };
		6DDDE8C4284CF41300EA078B /* weatherData.json in Resources */ = {isa = PBXBuildFile; fileRef = 6DDDE8C3284CF41300EA078B /* weatherData.json */; };
		6DDDE8C6284CF50800EA078B /* Extensions.swift in Sources */ = {isa = PBXBuildFile; fileRef = 6DDDE8C5284CF50800EA078B /* Extensions.swift */; };
		6DDDE8C9284CFF9400EA078B /* WeatherRow.swift in Sources */ = {isa = PBXBuildFile; fileRef = 6DDDE8C8284CFF9400EA078B /* WeatherRow.swift */; };
/* End PBXBuildFile section */

/* Begin PBXContainerItemProxy section */
		6DDDE899284CE12500EA078B /* PBXContainerItemProxy */ = {
			isa = PBXContainerItemProxy;
			containerPortal = 6DDDE880284CE12300EA078B /* Project object */;
			proxyType = 1;
			remoteGlobalIDString = 6DDDE887284CE12300EA078B;
			remoteInfo = WeatherApp;
		};
		6DDDE8A3284CE12500EA078B /* PBXContainerItemProxy */ = {
			isa = PBXContainerItemProxy;
			containerPortal = 6DDDE880284CE12300EA078B /* Project object */;
			proxyType = 1;
			remoteGlobalIDString = 6DDDE887284CE12300EA078B;
			remoteInfo = WeatherApp;
		};
/* End PBXContainerItemProxy section */

/* Begin PBXFileReference section */
		6DDDE888284CE12300EA078B /* WeatherApp.app */ = {isa = PBXFileReference; explicitFileType = wrapper.application; includeInIndex = 0; path = WeatherApp.app; sourceTree = BUILT_PRODUCTS_DIR; };
		6DDDE88B284CE12300EA078B /* WeatherAppApp.swift */ = {isa = PBXFileReference; lastKnownFileType = sourcecode.swift; path = WeatherAppApp.swift; sourceTree = "<group>"; };
		6DDDE88D284CE12300EA078B /* ContentView.swift */ = {isa = PBXFileReference; lastKnownFileType = sourcecode.swift; path = ContentView.swift; sourceTree = "<group>"; };
		6DDDE88F284CE12500EA078B /* Assets.xcassets */ = {isa = PBXFileReference; lastKnownFileType = folder.assetcatalog; path = Assets.xcassets; sourceTree = "<group>"; };
		6DDDE892284CE12500EA078B /* Preview Assets.xcassets */ = {isa = PBXFileReference; lastKnownFileType = folder.assetcatalog; path = "Preview Assets.xcassets"; sourceTree = "<group>"; };
		6DDDE898284CE12500EA078B /* WeatherAppTests.xctest */ = {isa = PBXFileReference; explicitFileType = wrapper.cfbundle; includeInIndex = 0; path = WeatherAppTests.xctest; sourceTree = BUILT_PRODUCTS_DIR; };
		6DDDE89C284CE12500EA078B /* WeatherAppTests.swift */ = {isa = PBXFileReference; lastKnownFileType = sourcecode.swift; path = WeatherAppTests.swift; sourceTree = "<group>"; };
		6DDDE8A2284CE12500EA078B /* WeatherAppUITests.xctest */ = {isa = PBXFileReference; explicitFileType = wrapper.cfbundle; includeInIndex = 0; path = WeatherAppUITests.xctest; sourceTree = BUILT_PRODUCTS_DIR; };
		6DDDE8A6284CE12500EA078B /* WeatherAppUITests.swift */ = {isa = PBXFileReference; lastKnownFileType = sourcecode.swift; path = WeatherAppUITests.swift; sourceTree = "<group>"; };
		6DDDE8A8284CE12500EA078B /* WeatherAppUITestsLaunchTests.swift */ = {isa = PBXFileReference; lastKnownFileType = sourcecode.swift; path = WeatherAppUITestsLaunchTests.swift; sourceTree = "<group>"; };
		6DDDE8B6284CE18E00EA078B /* LocationManager.swift */ = {isa = PBXFileReference; lastKnownFileType = sourcecode.swift; path = LocationManager.swift; sourceTree = "<group>"; };
		6DDDE8B9284CE39700EA078B /* WelcomeView.swift */ = {isa = PBXFileReference; lastKnownFileType = sourcecode.swift; path = WelcomeView.swift; sourceTree = "<group>"; };
		6DDDE8BB284CE7EA00EA078B /* LoadingView.swift */ = {isa = PBXFileReference; lastKnownFileType = sourcecode.swift; path = LoadingView.swift; sourceTree = "<group>"; };
		6DDDE8BD284CEC8700EA078B /* WeatherManager.swift */ = {isa = PBXFileReference; lastKnownFileType = sourcecode.swift; path = WeatherManager.swift; sourceTree = "<group>"; };
		6DDDE8BF284CF27C00EA078B /* WeatherView.swift */ = {isa = PBXFileReference; lastKnownFileType = sourcecode.swift; path = WeatherView.swift; sourceTree = "<group>"; };
		6DDDE8C1284CF2C700EA078B /* ModalData.swift */ = {isa = PBXFileReference; lastKnownFileType = sourcecode.swift; path = ModalData.swift; sourceTree = "<group>"; };
		6DDDE8C3284CF41300EA078B /* weatherData.json */ = {isa = PBXFileReference; lastKnownFileType = text.json; path = weatherData.json; sourceTree = "<group>"; };
		6DDDE8C5284CF50800EA078B /* Extensions.swift */ = {isa = PBXFileReference; lastKnownFileType = sourcecode.swift; path = Extensions.swift; sourceTree = "<group>"; };
		6DDDE8C8284CFF9400EA078B /* WeatherRow.swift */ = {isa = PBXFileReference; lastKnownFileType = sourcecode.swift; path = WeatherRow.swift; sourceTree = "<group>"; };
/* End PBXFileReference section */

/* Begin PBXFrameworksBuildPhase section */
		6DDDE885284CE12300EA078B /* Frameworks */ = {
			isa = PBXFrameworksBuildPhase;
			buildActionMask = 2147483647;
			files = (
			);
			runOnlyForDeploymentPostprocessing = 0;
		};
		6DDDE895284CE12500EA078B /* Frameworks */ = {
			isa = PBXFrameworksBuildPhase;
			buildActionMask = 2147483647;
			files = (
			);
			runOnlyForDeploymentPostprocessing = 0;
		};
		6DDDE89F284CE12500EA078B /* Frameworks */ = {
			isa = PBXFrameworksBuildPhase;
			buildActionMask = 2147483647;
			files = (
			);
			runOnlyForDeploymentPostprocessing = 0;
		};
/* End PBXFrameworksBuildPhase section */

/* Begin PBXGroup section */
		6DDDE87F284CE12300EA078B = {
			isa = PBXGroup;
			children = (
				6DDDE88A284CE12300EA078B /* WeatherApp */,
				6DDDE89B284CE12500EA078B /* WeatherAppTests */,
				6DDDE8A5284CE12500EA078B /* WeatherAppUITests */,
				6DDDE889284CE12300EA078B /* Products */,
			);
			sourceTree = "<group>";
		};
		6DDDE889284CE12300EA078B /* Products */ = {
			isa = PBXGroup;
			children = (
				6DDDE888284CE12300EA078B /* WeatherApp.app */,
				6DDDE898284CE12500EA078B /* WeatherAppTests.xctest */,
				6DDDE8A2284CE12500EA078B /* WeatherAppUITests.xctest */,
			);
			name = Products;
			sourceTree = "<group>";
		};
		6DDDE88A284CE12300EA078B /* WeatherApp */ = {
			isa = PBXGroup;
			children = (
				6DDDE8C7284CFF7B00EA078B /* Components */,
				6DDDE8B8284CE2DB00EA078B /* Views */,
				6DDDE8B5284CE13300EA078B /* Managers */,
				6DDDE88B284CE12300EA078B /* WeatherAppApp.swift */,
				6DDDE88F284CE12500EA078B /* Assets.xcassets */,
				6DDDE891284CE12500EA078B /* Preview Content */,
				6DDDE8C5284CF50800EA078B /* Extensions.swift */,
			);
			path = WeatherApp;
			sourceTree = "<group>";
		};
		6DDDE891284CE12500EA078B /* Preview Content */ = {
			isa = PBXGroup;
			children = (
				6DDDE892284CE12500EA078B /* Preview Assets.xcassets */,
				6DDDE8C1284CF2C700EA078B /* ModalData.swift */,
				6DDDE8C3284CF41300EA078B /* weatherData.json */,
			);
			path = "Preview Content";
			sourceTree = "<group>";
		};
		6DDDE89B284CE12500EA078B /* WeatherAppTests */ = {
			isa = PBXGroup;
			children = (
				6DDDE89C284CE12500EA078B /* WeatherAppTests.swift */,
			);
			path = WeatherAppTests;
			sourceTree = "<group>";
		};
		6DDDE8A5284CE12500EA078B /* WeatherAppUITests */ = {
			isa = PBXGroup;
			children = (
				6DDDE8A6284CE12500EA078B /* WeatherAppUITests.swift */,
				6DDDE8A8284CE12500EA078B /* WeatherAppUITestsLaunchTests.swift */,
			);
			path = WeatherAppUITests;
			sourceTree = "<group>";
		};
		6DDDE8B5284CE13300EA078B /* Managers */ = {
			isa = PBXGroup;
			children = (
				6DDDE8B6284CE18E00EA078B /* LocationManager.swift */,
				6DDDE8BD284CEC8700EA078B /* WeatherManager.swift */,
			);
			path = Managers;
			sourceTree = "<group>";
		};
		6DDDE8B8284CE2DB00EA078B /* Views */ = {
			isa = PBXGroup;
			children = (
				6DDDE88D284CE12300EA078B /* ContentView.swift */,
				6DDDE8B9284CE39700EA078B /* WelcomeView.swift */,
				6DDDE8BB284CE7EA00EA078B /* LoadingView.swift */,
				6DDDE8BF284CF27C00EA078B /* WeatherView.swift */,
			);
			path = Views;
			sourceTree = "<group>";
		};
		6DDDE8C7284CFF7B00EA078B /* Components */ = {
			isa = PBXGroup;
			children = (
				6DDDE8C8284CFF9400EA078B /* WeatherRow.swift */,
			);
			path = Components;
			sourceTree = "<group>";
		};
/* End PBXGroup section */

/* Begin PBXNativeTarget section */
		6DDDE887284CE12300EA078B /* WeatherApp */ = {
			isa = PBXNativeTarget;
			buildConfigurationList = 6DDDE8AC284CE12500EA078B /* Build configuration list for PBXNativeTarget "WeatherApp" */;
			buildPhases = (
				6DDDE884284CE12300EA078B /* Sources */,
				6DDDE885284CE12300EA078B /* Frameworks */,
				6DDDE886284CE12300EA078B /* Resources */,
			);
			buildRules = (
			);
			dependencies = (
			);
			name = WeatherApp;
			productName = WeatherApp;
			productReference = 6DDDE888284CE12300EA078B /* WeatherApp.app */;
			productType = "com.apple.product-type.application";
		};
		6DDDE897284CE12500EA078B /* WeatherAppTests */ = {
			isa = PBXNativeTarget;
			buildConfigurationList = 6DDDE8AF284CE12500EA078B /* Build configuration list for PBXNativeTarget "WeatherAppTests" */;
			buildPhases = (
				6DDDE894284CE12500EA078B /* Sources */,
				6DDDE895284CE12500EA078B /* Frameworks */,
				6DDDE896284CE12500EA078B /* Resources */,
			);
			buildRules = (
			);
			dependencies = (
				6DDDE89A284CE12500EA078B /* PBXTargetDependency */,
			);
			name = WeatherAppTests;
			productName = WeatherAppTests;
			productReference = 6DDDE898284CE12500EA078B /* WeatherAppTests.xctest */;
			productType = "com.apple.product-type.bundle.unit-test";
		};
		6DDDE8A1284CE12500EA078B /* WeatherAppUITests */ = {
			isa = PBXNativeTarget;
			buildConfigurationList = 6DDDE8B2284CE12500EA078B /* Build configuration list for PBXNativeTarget "WeatherAppUITests" */;
			buildPhases = (
				6DDDE89E284CE12500EA078B /* Sources */,
				6DDDE89F284CE12500EA078B /* Frameworks */,
				6DDDE8A0284CE12500EA078B /* Resources */,
			);
			buildRules = (
			);
			dependencies = (
				6DDDE8A4284CE12500EA078B /* PBXTargetDependency */,
			);
			name = WeatherAppUITests;
			productName = WeatherAppUITests;
			productReference = 6DDDE8A2284CE12500EA078B /* WeatherAppUITests.xctest */;
			productType = "com.apple.product-type.bundle.ui-testing";
		};
/* End PBXNativeTarget section */

/* Begin PBXProject section */
		6DDDE880284CE12300EA078B /* Project object */ = {
			isa = PBXProject;
			attributes = {
				BuildIndependentTargetsInParallel = 1;
				LastSwiftUpdateCheck = 1330;
				LastUpgradeCheck = 1330;
				TargetAttributes = {
					6DDDE887284CE12300EA078B = {
						CreatedOnToolsVersion = 13.3.1;
					};
					6DDDE897284CE12500EA078B = {
						CreatedOnToolsVersion = 13.3.1;
						TestTargetID = 6DDDE887284CE12300EA078B;
					};
					6DDDE8A1284CE12500EA078B = {
						CreatedOnToolsVersion = 13.3.1;
						TestTargetID = 6DDDE887284CE12300EA078B;
					};
				};
			};
			buildConfigurationList = 6DDDE883284CE12300EA078B /* Build configuration list for PBXProject "WeatherApp" */;
			compatibilityVersion = "Xcode 13.0";
			developmentRegion = en;
			hasScannedForEncodings = 0;
			knownRegions = (
				en,
				Base,
			);
			mainGroup = 6DDDE87F284CE12300EA078B;
			productRefGroup = 6DDDE889284CE12300EA078B /* Products */;
			projectDirPath = "";
			projectRoot = "";
			targets = (
				6DDDE887284CE12300EA078B /* WeatherApp */,
				6DDDE897284CE12500EA078B /* WeatherAppTests */,
				6DDDE8A1284CE12500EA078B /* WeatherAppUITests */,
			);
		};
/* End PBXProject section */

/* Begin PBXResourcesBuildPhase section */
		6DDDE886284CE12300EA078B /* Resources */ = {
			isa = PBXResourcesBuildPhase;
			buildActionMask = 2147483647;
			files = (
				6DDDE893284CE12500EA078B /* Preview Assets.xcassets in Resources */,
				6DDDE8C4284CF41300EA078B /* weatherData.json in Resources */,
				6DDDE890284CE12500EA078B /* Assets.xcassets in Resources */,
			);
			runOnlyForDeploymentPostprocessing = 0;
		};
		6DDDE896284CE12500EA078B /* Resources */ = {
			isa = PBXResourcesBuildPhase;
			buildActionMask = 2147483647;
			files = (
			);
			runOnlyForDeploymentPostprocessing = 0;
		};
		6DDDE8A0284CE12500EA078B /* Resources */ = {
			isa = PBXResourcesBuildPhase;
			buildActionMask = 2147483647;
			files = (
			);
			runOnlyForDeploymentPostprocessing = 0;
		};
/* End PBXResourcesBuildPhase section */

/* Begin PBXSourcesBuildPhase section */
		6DDDE884284CE12300EA078B /* Sources */ = {
			isa = PBXSourcesBuildPhase;
			buildActionMask = 2147483647;
			files = (
				6DDDE8BE284CEC8700EA078B /* WeatherManager.swift in Sources */,
				6DDDE8C6284CF50800EA078B /* Extensions.swift in Sources */,
				6DDDE8C2284CF2C700EA078B /* ModalData.swift in Sources */,
				6DDDE88E284CE12300EA078B /* ContentView.swift in Sources */,
				6DDDE88C284CE12300EA078B /* WeatherAppApp.swift in Sources */,
				6DDDE8C9284CFF9400EA078B /* WeatherRow.swift in Sources */,
				6DDDE8B7284CE18E00EA078B /* LocationManager.swift in Sources */,
				6DDDE8BC284CE7EA00EA078B /* LoadingView.swift in Sources */,
				6DDDE8C0284CF27C00EA078B /* WeatherView.swift in Sources */,
				6DDDE8BA284CE39700EA078B /* WelcomeView.swift in Sources */,
			);
			runOnlyForDeploymentPostprocessing = 0;
		};
		6DDDE894284CE12500EA078B /* Sources */ = {
			isa = PBXSourcesBuildPhase;
			buildActionMask = 2147483647;
			files = (
				6DDDE89D284CE12500EA078B /* WeatherAppTests.swift in Sources */,
			);
			runOnlyForDeploymentPostprocessing = 0;
		};
		6DDDE89E284CE12500EA078B /* Sources */ = {
			isa = PBXSourcesBuildPhase;
			buildActionMask = 2147483647;
			files = (
				6DDDE8A7284CE12500EA078B /* WeatherAppUITests.swift in Sources */,
				6DDDE8A9284CE12500EA078B /* WeatherAppUITestsLaunchTests.swift in Sources */,
			);
			runOnlyForDeploymentPostprocessing = 0;
		};
/* End PBXSourcesBuildPhase section */

/* Begin PBXTargetDependency section */
		6DDDE89A284CE12500EA078B /* PBXTargetDependency */ = {
			isa = PBXTargetDependency;
			target = 6DDDE887284CE12300EA078B /* WeatherApp */;
			targetProxy = 6DDDE899284CE12500EA078B /* PBXContainerItemProxy */;
		};
		6DDDE8A4284CE12500EA078B /* PBXTargetDependency */ = {
			isa = PBXTargetDependency;
			target = 6DDDE887284CE12300EA078B /* WeatherApp */;
			targetProxy = 6DDDE8A3284CE12500EA078B /* PBXContainerItemProxy */;
		};
/* End PBXTargetDependency section */

/* Begin XCBuildConfiguration section */
		6DDDE8AA284CE12500EA078B /* Debug */ = {
			isa = XCBuildConfiguration;
			buildSettings = {
				ALWAYS_SEARCH_USER_PATHS = NO;
				CLANG_ANALYZER_NONNULL = YES;
				CLANG_ANALYZER_NUMBER_OBJECT_CONVERSION = YES_AGGRESSIVE;
				CLANG_CXX_LANGUAGE_STANDARD = "gnu++17";
				CLANG_ENABLE_MODULES = YES;
				CLANG_ENABLE_OBJC_ARC = YES;
				CLANG_ENABLE_OBJC_WEAK = YES;
				CLANG_WARN_BLOCK_CAPTURE_AUTORELEASING = YES;
				CLANG_WARN_BOOL_CONVERSION = YES;
				CLANG_WARN_COMMA = YES;
				CLANG_WARN_CONSTANT_CONVERSION = YES;
				CLANG_WARN_DEPRECATED_OBJC_IMPLEMENTATIONS = YES;
				CLANG_WARN_DIRECT_OBJC_ISA_USAGE = YES_ERROR;
				CLANG_WARN_DOCUMENTATION_COMMENTS = YES;
				CLANG_WARN_EMPTY_BODY = YES;
				CLANG_WARN_ENUM_CONVERSION = YES;
				CLANG_WARN_INFINITE_RECURSION = YES;
				CLANG_WARN_INT_CONVERSION = YES;
				CLANG_WARN_NON_LITERAL_NULL_CONVERSION = YES;
				CLANG_WARN_OBJC_IMPLICIT_RETAIN_SELF = YES;
				CLANG_WARN_OBJC_LITERAL_CONVERSION = YES;
				CLANG_WARN_OBJC_ROOT_CLASS = YES_ERROR;
				CLANG_WARN_QUOTED_INCLUDE_IN_FRAMEWORK_HEADER = YES;
				CLANG_WARN_RANGE_LOOP_ANALYSIS = YES;
				CLANG_WARN_STRICT_PROTOTYPES = YES;
				CLANG_WARN_SUSPICIOUS_MOVE = YES;
				CLANG_WARN_UNGUARDED_AVAILABILITY = YES_AGGRESSIVE;
				CLANG_WARN_UNREACHABLE_CODE = YES;
				CLANG_WARN__DUPLICATE_METHOD_MATCH = YES;
				COPY_PHASE_STRIP = NO;
				DEBUG_INFORMATION_FORMAT = dwarf;
				ENABLE_STRICT_OBJC_MSGSEND = YES;
				ENABLE_TESTABILITY = YES;
				GCC_C_LANGUAGE_STANDARD = gnu11;
				GCC_DYNAMIC_NO_PIC = NO;
				GCC_NO_COMMON_BLOCKS = YES;
				GCC_OPTIMIZATION_LEVEL = 0;
				GCC_PREPROCESSOR_DEFINITIONS = (
					"DEBUG=1",
					"$(inherited)",
				);
				GCC_WARN_64_TO_32_BIT_CONVERSION = YES;
				GCC_WARN_ABOUT_RETURN_TYPE = YES_ERROR;
				GCC_WARN_UNDECLARED_SELECTOR = YES;
				GCC_WARN_UNINITIALIZED_AUTOS = YES_AGGRESSIVE;
				GCC_WARN_UNUSED_FUNCTION = YES;
				GCC_WARN_UNUSED_VARIABLE = YES;
				IPHONEOS_DEPLOYMENT_TARGET = 15.4;
				MTL_ENABLE_DEBUG_INFO = INCLUDE_SOURCE;
				MTL_FAST_MATH = YES;
				ONLY_ACTIVE_ARCH = YES;
				SDKROOT = iphoneos;
				SWIFT_ACTIVE_COMPILATION_CONDITIONS = DEBUG;
				SWIFT_OPTIMIZATION_LEVEL = "-Onone";
			};
			name = Debug;
		};
		6DDDE8AB284CE12500EA078B /* Release */ = {
			isa = XCBuildConfiguration;
			buildSettings = {
				ALWAYS_SEARCH_USER_PATHS = NO;
				CLANG_ANALYZER_NONNULL = YES;
				CLANG_ANALYZER_NUMBER_OBJECT_CONVERSION = YES_AGGRESSIVE;
				CLANG_CXX_LANGUAGE_STANDARD = "gnu++17";
				CLANG_ENABLE_MODULES = YES;
				CLANG_ENABLE_OBJC_ARC = YES;
				CLANG_ENABLE_OBJC_WEAK = YES;
				CLANG_WARN_BLOCK_CAPTURE_AUTORELEASING = YES;
				CLANG_WARN_BOOL_CONVERSION = YES;
				CLANG_WARN_COMMA = YES;
				CLANG_WARN_CONSTANT_CONVERSION = YES;
				CLANG_WARN_DEPRECATED_OBJC_IMPLEMENTATIONS = YES;
				CLANG_WARN_DIRECT_OBJC_ISA_USAGE = YES_ERROR;
				CLANG_WARN_DOCUMENTATION_COMMENTS = YES;
				CLANG_WARN_EMPTY_BODY = YES;
				CLANG_WARN_ENUM_CONVERSION = YES;
				CLANG_WARN_INFINITE_RECURSION = YES;
				CLANG_WARN_INT_CONVERSION = YES;
				CLANG_WARN_NON_LITERAL_NULL_CONVERSION = YES;
				CLANG_WARN_OBJC_IMPLICIT_RETAIN_SELF = YES;
				CLANG_WARN_OBJC_LITERAL_CONVERSION = YES;
				CLANG_WARN_OBJC_ROOT_CLASS = YES_ERROR;
				CLANG_WARN_QUOTED_INCLUDE_IN_FRAMEWORK_HEADER = YES;
				CLANG_WARN_RANGE_LOOP_ANALYSIS = YES;
				CLANG_WARN_STRICT_PROTOTYPES = YES;
				CLANG_WARN_SUSPICIOUS_MOVE = YES;
				CLANG_WARN_UNGUARDED_AVAILABILITY = YES_AGGRESSIVE;
				CLANG_WARN_UNREACHABLE_CODE = YES;
				CLANG_WARN__DUPLICATE_METHOD_MATCH = YES;
				COPY_PHASE_STRIP = NO;
				DEBUG_INFORMATION_FORMAT = "dwarf-with-dsym";
				ENABLE_NS_ASSERTIONS = NO;
				ENABLE_STRICT_OBJC_MSGSEND = YES;
				GCC_C_LANGUAGE_STANDARD = gnu11;
				GCC_NO_COMMON_BLOCKS = YES;
				GCC_WARN_64_TO_32_BIT_CONVERSION = YES;
				GCC_WARN_ABOUT_RETURN_TYPE = YES_ERROR;
				GCC_WARN_UNDECLARED_SELECTOR = YES;
				GCC_WARN_UNINITIALIZED_AUTOS = YES_AGGRESSIVE;
				GCC_WARN_UNUSED_FUNCTION = YES;
				GCC_WARN_UNUSED_VARIABLE = YES;
				IPHONEOS_DEPLOYMENT_TARGET = 15.4;
				MTL_ENABLE_DEBUG_INFO = NO;
				MTL_FAST_MATH = YES;
				SDKROOT = iphoneos;
				SWIFT_COMPILATION_MODE = wholemodule;
				SWIFT_OPTIMIZATION_LEVEL = "-O";
				VALIDATE_PRODUCT = YES;
			};
			name = Release;
		};
		6DDDE8AD284CE12500EA078B /* Debug */ = {
			isa = XCBuildConfiguration;
			buildSettings = {
				ASSETCATALOG_COMPILER_APPICON_NAME = AppIcon;
				ASSETCATALOG_COMPILER_GLOBAL_ACCENT_COLOR_NAME = AccentColor;
				CODE_SIGN_STYLE = Automatic;
				CURRENT_PROJECT_VERSION = 1;
				DEVELOPMENT_ASSET_PATHS = "\"WeatherApp/Preview Content\"";
				DEVELOPMENT_TEAM = SE47886DH7;
				ENABLE_PREVIEWS = YES;
				GENERATE_INFOPLIST_FILE = YES;
				INFOPLIST_KEY_UIApplicationSceneManifest_Generation = YES;
				INFOPLIST_KEY_UIApplicationSupportsIndirectInputEvents = YES;
				INFOPLIST_KEY_UILaunchScreen_Generation = YES;
				INFOPLIST_KEY_UISupportedInterfaceOrientations_iPad = "UIInterfaceOrientationPortrait UIInterfaceOrientationPortraitUpsideDown UIInterfaceOrientationLandscapeLeft UIInterfaceOrientationLandscapeRight";
				INFOPLIST_KEY_UISupportedInterfaceOrientations_iPhone = "UIInterfaceOrientationPortrait UIInterfaceOrientationLandscapeLeft UIInterfaceOrientationLandscapeRight";
				LD_RUNPATH_SEARCH_PATHS = (
					"$(inherited)",
					"@executable_path/Frameworks",
				);
				MARKETING_VERSION = 1.0;
				PRODUCT_BUNDLE_IDENTIFIER = ru.artkost.WeatherApp;
				PRODUCT_NAME = "$(TARGET_NAME)";
				SWIFT_EMIT_LOC_STRINGS = YES;
				SWIFT_VERSION = 5.0;
				TARGETED_DEVICE_FAMILY = "1,2";
			};
			name = Debug;
		};
		6DDDE8AE284CE12500EA078B /* Release */ = {
			isa = XCBuildConfiguration;
			buildSettings = {
				ASSETCATALOG_COMPILER_APPICON_NAME = AppIcon;
				ASSETCATALOG_COMPILER_GLOBAL_ACCENT_COLOR_NAME = AccentColor;
				CODE_SIGN_STYLE = Automatic;
				CURRENT_PROJECT_VERSION = 1;
				DEVELOPMENT_ASSET_PATHS = "\"WeatherApp/Preview Content\"";
				DEVELOPMENT_TEAM = SE47886DH7;
				ENABLE_PREVIEWS = YES;
				GENERATE_INFOPLIST_FILE = YES;
				INFOPLIST_KEY_UIApplicationSceneManifest_Generation = YES;
				INFOPLIST_KEY_UIApplicationSupportsIndirectInputEvents = YES;
				INFOPLIST_KEY_UILaunchScreen_Generation = YES;
				INFOPLIST_KEY_UISupportedInterfaceOrientations_iPad = "UIInterfaceOrientationPortrait UIInterfaceOrientationPortraitUpsideDown UIInterfaceOrientationLandscapeLeft UIInterfaceOrientationLandscapeRight";
				INFOPLIST_KEY_UISupportedInterfaceOrientations_iPhone = "UIInterfaceOrientationPortrait UIInterfaceOrientationLandscapeLeft UIInterfaceOrientationLandscapeRight";
				LD_RUNPATH_SEARCH_PATHS = (
					"$(inherited)",
					"@executable_path/Frameworks",
				);
				MARKETING_VERSION = 1.0;
				PRODUCT_BUNDLE_IDENTIFIER = ru.artkost.WeatherApp;
				PRODUCT_NAME = "$(TARGET_NAME)";
				SWIFT_EMIT_LOC_STRINGS = YES;
				SWIFT_VERSION = 5.0;
				TARGETED_DEVICE_FAMILY = "1,2";
			};
			name = Release;
		};
		6DDDE8B0284CE12500EA078B /* Debug */ = {
			isa = XCBuildConfiguration;
			buildSettings = {
				ALWAYS_EMBED_SWIFT_STANDARD_LIBRARIES = YES;
				BUNDLE_LOADER = "$(TEST_HOST)";
				CODE_SIGN_STYLE = Automatic;
				CURRENT_PROJECT_VERSION = 1;
				DEVELOPMENT_TEAM = SE47886DH7;
				GENERATE_INFOPLIST_FILE = YES;
				IPHONEOS_DEPLOYMENT_TARGET = 15.4;
				MARKETING_VERSION = 1.0;
				PRODUCT_BUNDLE_IDENTIFIER = ru.artkost.WeatherAppTests;
				PRODUCT_NAME = "$(TARGET_NAME)";
				SWIFT_EMIT_LOC_STRINGS = NO;
				SWIFT_VERSION = 5.0;
				TARGETED_DEVICE_FAMILY = "1,2";
				TEST_HOST = "$(BUILT_PRODUCTS_DIR)/WeatherApp.app/WeatherApp";
			};
			name = Debug;
		};
		6DDDE8B1284CE12500EA078B /* Release */ = {
			isa = XCBuildConfiguration;
			buildSettings = {
				ALWAYS_EMBED_SWIFT_STANDARD_LIBRARIES = YES;
				BUNDLE_LOADER = "$(TEST_HOST)";
				CODE_SIGN_STYLE = Automatic;
				CURRENT_PROJECT_VERSION = 1;
				DEVELOPMENT_TEAM = SE47886DH7;
				GENERATE_INFOPLIST_FILE = YES;
				IPHONEOS_DEPLOYMENT_TARGET = 15.4;
				MARKETING_VERSION = 1.0;
				PRODUCT_BUNDLE_IDENTIFIER = ru.artkost.WeatherAppTests;
				PRODUCT_NAME = "$(TARGET_NAME)";
				SWIFT_EMIT_LOC_STRINGS = NO;
				SWIFT_VERSION = 5.0;
				TARGETED_DEVICE_FAMILY = "1,2";
				TEST_HOST = "$(BUILT_PRODUCTS_DIR)/WeatherApp.app/WeatherApp";
			};
			name = Release;
		};
		6DDDE8B3284CE12500EA078B /* Debug */ = {
			isa = XCBuildConfiguration;
			buildSettings = {
				ALWAYS_EMBED_SWIFT_STANDARD_LIBRARIES = YES;
				CODE_SIGN_STYLE = Automatic;
				CURRENT_PROJECT_VERSION = 1;
				DEVELOPMENT_TEAM = SE47886DH7;
				GENERATE_INFOPLIST_FILE = YES;
				MARKETING_VERSION = 1.0;
				PRODUCT_BUNDLE_IDENTIFIER = ru.artkost.WeatherAppUITests;
				PRODUCT_NAME = "$(TARGET_NAME)";
				SWIFT_EMIT_LOC_STRINGS = NO;
				SWIFT_VERSION = 5.0;
				TARGETED_DEVICE_FAMILY = "1,2";
				TEST_TARGET_NAME = WeatherApp;
			};
			name = Debug;
		};
		6DDDE8B4284CE12500EA078B /* Release */ = {
			isa = XCBuildConfiguration;
			buildSettings = {
				ALWAYS_EMBED_SWIFT_STANDARD_LIBRARIES = YES;
				CODE_SIGN_STYLE = Automatic;
				CURRENT_PROJECT_VERSION = 1;
				DEVELOPMENT_TEAM = SE47886DH7;
				GENERATE_INFOPLIST_FILE = YES;
				MARKETING_VERSION = 1.0;
				PRODUCT_BUNDLE_IDENTIFIER = ru.artkost.WeatherAppUITests;
				PRODUCT_NAME = "$(TARGET_NAME)";
				SWIFT_EMIT_LOC_STRINGS = NO;
				SWIFT_VERSION = 5.0;
				TARGETED_DEVICE_FAMILY = "1,2";
				TEST_TARGET_NAME = WeatherApp;
			};
			name = Release;
		};
/* End XCBuildConfiguration section */

/* Begin XCConfigurationList section */
		6DDDE883284CE12300EA078B /* Build configuration list for PBXProject "WeatherApp" */ = {
			isa = XCConfigurationList;
			buildConfigurations = (
				6DDDE8AA284CE12500EA078B /* Debug */,
				6DDDE8AB284CE12500EA078B /* Release */,
			);
			defaultConfigurationIsVisible = 0;
			defaultConfigurationName = Release;
		};
		6DDDE8AC284CE12500EA078B /* Build configuration list for PBXNativeTarget "WeatherApp" */ = {
			isa = XCConfigurationList;
			buildConfigurations = (
				6DDDE8AD284CE12500EA078B /* Debug */,
				6DDDE8AE284CE12500EA078B /* Release */,
			);
			defaultConfigurationIsVisible = 0;
			defaultConfigurationName = Release;
		};
		6DDDE8AF284CE12500EA078B /* Build configuration list for PBXNativeTarget "WeatherAppTests" */ = {
			isa = XCConfigurationList;
			buildConfigurations = (
				6DDDE8B0284CE12500EA078B /* Debug */,
				6DDDE8B1284CE12500EA078B /* Release */,
			);
			defaultConfigurationIsVisible = 0;
			defaultConfigurationName = Release;
		};
		6DDDE8B2284CE12500EA078B /* Build configuration list for PBXNativeTarget "WeatherAppUITests" */ = {
			isa = XCConfigurationList;
			buildConfigurations = (
				6DDDE8B3284CE12500EA078B /* Debug */,
				6DDDE8B4284CE12500EA078B /* Release */,
			);
			defaultConfigurationIsVisible = 0;
			defaultConfigurationName = Release;
		};
/* End XCConfigurationList section */
	};
	rootObject = 6DDDE880284CE12300EA078B /* Project object */;
}
